PODS:
  - CocoaLumberjack (3.9.0):
    - CocoaLumberjack/Core (= 3.9.0)
  - CocoaLumberjack/Core (3.9.0)
  - cupertino_native_better (0.0.1):
    - Flutter
    - SVGKit (~> 3.0)
  - Flutter (1.0.0)
  - SVGKit (3.0.0):
    - CocoaLumberjack (~> 3.0)

DEPENDENCIES:
  - cupertino_native_better (from `.symlinks/plugins/cupertino_native_better/ios`)
  - Flutter (from `Flutter`)

SPEC REPOS:
  trunk:
    - CocoaLumberjack
    - SVGKit

EXTERNAL SOURCES:
  cupertino_native_better:
    :path: ".symlinks/plugins/cupertino_native_better/ios"
  Flutter:
    :path: Flutter

SPEC CHECKSUMS:
  CocoaLumberjack: 5644158777912b7de7469fa881f8a3f259c2512a
  cupertino_native_better: 1548ee565186534a34a406bf56b7c49510485844
  Flutter: cabc95a1d2626b1b06e7179b784ebcf0c0cde467
  SVGKit: 1ad7513f8c74d9652f94ed64ddecda1a23864dea

PODFILE CHECKSUM: 288656d4464589360115d6f81dd5d8f559352730

COCOAPODS: 1.16.2
